
Microsoft Visual Studio Solution File, Format Version 12.00
# Visual Studio 14
VisualStudioVersion = 14.0.25123.0
MinimumVisualStudioVersion = 10.0.40219.1
Project("{8BC9CEB8-8B4A-11D0-8D11-00A0C91BC942}") = "libfcache", "libfcache\libfcache.vcxproj", "{3D19EAAD-9195-468B-BC5B-D147A89CA4F5}"
EndProject
Project("{8BC9CEB8-8B4A-11D0-8D11-00A0C91BC942}") = "libfguid", "libfguid\libfguid.vcxproj", "{8C13E498-6369-4792-A0CF-B7134C54561B}"
EndProject
Project("{8BC9CEB8-8B4A-11D0-8D11-00A0C91BC942}") = "vhdi_test_open_close", "vhdi_test_open_close\vhdi_test_open_close.vcxproj", "{F7A2D803-FC42-4C42-B1E6-E794F94228BF}"
EndProject
Project("{8BC9CEB8-8B4A-11D0-8D11-00A0C91BC942}") = "vhdi_test_read", "vhdi_test_read\vhdi_test_read.vcxproj", "{BF67310F-0D15-4A3E-8C8F-389742713753}"
EndProject
Project("{8BC9CEB8-8B4A-11D0-8D11-00A0C91BC942}") = "vhdi_test_seek", "vhdi_test_seek\vhdi_test_seek.vcxproj", "{EB65A500-1A3E-4B00-96DE-08800ECCDB05}"
EndProject
Project("{8BC9CEB8-8B4A-11D0-8D11-00A0C91BC942}") = "libclocale", "libclocale\libclocale.vcxproj", "{CEDF8919-00B2-4D8A-88CC-84ADB2D2FF89}"
EndProject
Project("{8BC9CEB8-8B4A-11D0-8D11-00A0C91BC942}") = "libvhdi", "libvhdi\libvhdi.vcxproj", "{0B57B96F-7885-4101-98B7-4E91C9434020}"
EndProject
Project("{8BC9CEB8-8B4A-11D0-8D11-00A0C91BC942}") = "libbfio", "libbfio\libbfio.vcxproj", "{41CFAFBF-A1C8-4704-AFEF-31979E6452B9}"
EndProject
Project("{8BC9CEB8-8B4A-11D0-8D11-00A0C91BC942}") = "libcfile", "libcfile\libcfile.vcxproj", "{4C93BDD3-1804-47F3-9B34-F2DE0CAE1AE0}"
EndProject
Project("{8BC9CEB8-8B4A-11D0-8D11-00A0C91BC942}") = "libcthreads", "libcthreads\libcthreads.vcxproj", "{8AFAA2C6-E025-4B45-B96F-A27D04C6115A}"
EndProject
Project("{8BC9CEB8-8B4A-11D0-8D11-00A0C91BC942}") = "libcpath", "libcpath\libcpath.vcxproj", "{3FFB9C05-1145-45A7-9ADE-5C8D70FBD7CA}"
EndProject
Project("{8BC9CEB8-8B4A-11D0-8D11-00A0C91BC942}") = "libcstring", "libcstring\libcstring.vcxproj", "{20FFC4C9-F44C-45F6-A827-4819B4DF3C9F}"
EndProject
Project("{8BC9CEB8-8B4A-11D0-8D11-00A0C91BC942}") = "libuna", "libuna\libuna.vcxproj", "{BC27FF34-C859-4A1A-95D6-FC89952E1910}"
EndProject
Project("{8BC9CEB8-8B4A-11D0-8D11-00A0C91BC942}") = "libcerror", "libcerror\libcerror.vcxproj", "{BD3A95FA-A3DE-4B79-A889-A7E5ECA4B69C}"
EndProject
Project("{8BC9CEB8-8B4A-11D0-8D11-00A0C91BC942}") = "libcnotify", "libcnotify\libcnotify.vcxproj", "{5304AD69-D449-4589-B2C9-E4607E56A51D}"
EndProject
Project("{8BC9CEB8-8B4A-11D0-8D11-00A0C91BC942}") = "vhdiinfo", "vhdiinfo\vhdiinfo.vcxproj", "{A7545354-5D50-49F6-A3D0-1F97F6228955}"
EndProject
Project("{8BC9CEB8-8B4A-11D0-8D11-00A0C91BC942}") = "libcsystem", "libcsystem\libcsystem.vcxproj", "{D0DBC2F3-DD0E-4B7B-8C2C-F79BC64319EB}"
EndProject
Project("{8BC9CEB8-8B4A-11D0-8D11-00A0C91BC942}") = "libfdata", "libfdata\libfdata.vcxproj", "{F94DCC2D-2B49-453E-89B3-FD81992677D0}"
EndProject
Project("{8BC9CEB8-8B4A-11D0-8D11-00A0C91BC942}") = "libcdata", "libcdata\libcdata.vcxproj", "{B9332DC8-7594-47DF-80C1-38922E0F4DFB}"
EndProject
Project("{8BC9CEB8-8B4A-11D0-8D11-00A0C91BC942}") = "libcsplit", "libcsplit\libcsplit.vcxproj", "{B86FB73A-4ACC-42DE-9545-586D93955B06}"
EndProject
Global
	GlobalSection(SolutionConfigurationPlatforms) = preSolution
		Release|Win32 = Release|Win32
		Release|x64 = Release|x64
		VSDebug|Win32 = VSDebug|Win32
		VSDebug|x64 = VSDebug|x64
	EndGlobalSection
	GlobalSection(ProjectConfigurationPlatforms) = postSolution
		{3D19EAAD-9195-468B-BC5B-D147A89CA4F5}.Release|Win32.ActiveCfg = Release|Win32
		{3D19EAAD-9195-468B-BC5B-D147A89CA4F5}.Release|Win32.Build.0 = Release|Win32
		{3D19EAAD-9195-468B-BC5B-D147A89CA4F5}.Release|x64.ActiveCfg = Release|x64
		{3D19EAAD-9195-468B-BC5B-D147A89CA4F5}.Release|x64.Build.0 = Release|x64
		{3D19EAAD-9195-468B-BC5B-D147A89CA4F5}.VSDebug|Win32.ActiveCfg = VSDebug|Win32
		{3D19EAAD-9195-468B-BC5B-D147A89CA4F5}.VSDebug|Win32.Build.0 = VSDebug|Win32
		{3D19EAAD-9195-468B-BC5B-D147A89CA4F5}.VSDebug|x64.ActiveCfg = VSDebug|x64
		{3D19EAAD-9195-468B-BC5B-D147A89CA4F5}.VSDebug|x64.Build.0 = VSDebug|x64
		{8C13E498-6369-4792-A0CF-B7134C54561B}.Release|Win32.ActiveCfg = Release|Win32
		{8C13E498-6369-4792-A0CF-B7134C54561B}.Release|Win32.Build.0 = Release|Win32
		{8C13E498-6369-4792-A0CF-B7134C54561B}.Release|x64.ActiveCfg = Release|x64
		{8C13E498-6369-4792-A0CF-B7134C54561B}.Release|x64.Build.0 = Release|x64
		{8C13E498-6369-4792-A0CF-B7134C54561B}.VSDebug|Win32.ActiveCfg = VSDebug|Win32
		{8C13E498-6369-4792-A0CF-B7134C54561B}.VSDebug|Win32.Build.0 = VSDebug|Win32
		{8C13E498-6369-4792-A0CF-B7134C54561B}.VSDebug|x64.ActiveCfg = VSDebug|x64
		{8C13E498-6369-4792-A0CF-B7134C54561B}.VSDebug|x64.Build.0 = VSDebug|x64
		{F7A2D803-FC42-4C42-B1E6-E794F94228BF}.Release|Win32.ActiveCfg = Release|Win32
		{F7A2D803-FC42-4C42-B1E6-E794F94228BF}.Release|Win32.Build.0 = Release|Win32
		{F7A2D803-FC42-4C42-B1E6-E794F94228BF}.Release|x64.ActiveCfg = Release|x64
		{F7A2D803-FC42-4C42-B1E6-E794F94228BF}.Release|x64.Build.0 = Release|x64
		{F7A2D803-FC42-4C42-B1E6-E794F94228BF}.VSDebug|Win32.ActiveCfg = VSDebug|Win32
		{F7A2D803-FC42-4C42-B1E6-E794F94228BF}.VSDebug|Win32.Build.0 = VSDebug|Win32
		{F7A2D803-FC42-4C42-B1E6-E794F94228BF}.VSDebug|x64.ActiveCfg = VSDebug|x64
		{F7A2D803-FC42-4C42-B1E6-E794F94228BF}.VSDebug|x64.Build.0 = VSDebug|x64
		{BF67310F-0D15-4A3E-8C8F-389742713753}.Release|Win32.ActiveCfg = Release|Win32
		{BF67310F-0D15-4A3E-8C8F-389742713753}.Release|Win32.Build.0 = Release|Win32
		{BF67310F-0D15-4A3E-8C8F-389742713753}.Release|x64.ActiveCfg = Release|x64
		{BF67310F-0D15-4A3E-8C8F-389742713753}.Release|x64.Build.0 = Release|x64
		{BF67310F-0D15-4A3E-8C8F-389742713753}.VSDebug|Win32.ActiveCfg = VSDebug|Win32
		{BF67310F-0D15-4A3E-8C8F-389742713753}.VSDebug|Win32.Build.0 = VSDebug|Win32
		{BF67310F-0D15-4A3E-8C8F-389742713753}.VSDebug|x64.ActiveCfg = VSDebug|x64
		{BF67310F-0D15-4A3E-8C8F-389742713753}.VSDebug|x64.Build.0 = VSDebug|x64
		{EB65A500-1A3E-4B00-96DE-08800ECCDB05}.Release|Win32.ActiveCfg = Release|Win32
		{EB65A500-1A3E-4B00-96DE-08800ECCDB05}.Release|Win32.Build.0 = Release|Win32
		{EB65A500-1A3E-4B00-96DE-08800ECCDB05}.Release|x64.ActiveCfg = Release|x64
		{EB65A500-1A3E-4B00-96DE-08800ECCDB05}.Release|x64.Build.0 = Release|x64
		{EB65A500-1A3E-4B00-96DE-08800ECCDB05}.VSDebug|Win32.ActiveCfg = VSDebug|Win32
		{EB65A500-1A3E-4B00-96DE-08800ECCDB05}.VSDebug|Win32.Build.0 = VSDebug|Win32
		{EB65A500-1A3E-4B00-96DE-08800ECCDB05}.VSDebug|x64.ActiveCfg = VSDebug|x64
		{EB65A500-1A3E-4B00-96DE-08800ECCDB05}.VSDebug|x64.Build.0 = VSDebug|x64
		{CEDF8919-00B2-4D8A-88CC-84ADB2D2FF89}.Release|Win32.ActiveCfg = Release|Win32
		{CEDF8919-00B2-4D8A-88CC-84ADB2D2FF89}.Release|Win32.Build.0 = Release|Win32
		{CEDF8919-00B2-4D8A-88CC-84ADB2D2FF89}.Release|x64.ActiveCfg = Release|x64
		{CEDF8919-00B2-4D8A-88CC-84ADB2D2FF89}.Release|x64.Build.0 = Release|x64
		{CEDF8919-00B2-4D8A-88CC-84ADB2D2FF89}.VSDebug|Win32.ActiveCfg = VSDebug|Win32
		{CEDF8919-00B2-4D8A-88CC-84ADB2D2FF89}.VSDebug|Win32.Build.0 = VSDebug|Win32
		{CEDF8919-00B2-4D8A-88CC-84ADB2D2FF89}.VSDebug|x64.ActiveCfg = VSDebug|x64
		{CEDF8919-00B2-4D8A-88CC-84ADB2D2FF89}.VSDebug|x64.Build.0 = VSDebug|x64
		{0B57B96F-7885-4101-98B7-4E91C9434020}.Release|Win32.ActiveCfg = Release|Win32
		{0B57B96F-7885-4101-98B7-4E91C9434020}.Release|Win32.Build.0 = Release|Win32
		{0B57B96F-7885-4101-98B7-4E91C9434020}.Release|x64.ActiveCfg = Release|x64
		{0B57B96F-7885-4101-98B7-4E91C9434020}.Release|x64.Build.0 = Release|x64
		{0B57B96F-7885-4101-98B7-4E91C9434020}.VSDebug|Win32.ActiveCfg = VSDebug|Win32
		{0B57B96F-7885-4101-98B7-4E91C9434020}.VSDebug|Win32.Build.0 = VSDebug|Win32
		{0B57B96F-7885-4101-98B7-4E91C9434020}.VSDebug|x64.ActiveCfg = VSDebug|x64
		{0B57B96F-7885-4101-98B7-4E91C9434020}.VSDebug|x64.Build.0 = VSDebug|x64
		{41CFAFBF-A1C8-4704-AFEF-31979E6452B9}.Release|Win32.ActiveCfg = Release|Win32
		{41CFAFBF-A1C8-4704-AFEF-31979E6452B9}.Release|Win32.Build.0 = Release|Win32
		{41CFAFBF-A1C8-4704-AFEF-31979E6452B9}.Release|x64.ActiveCfg = Release|x64
		{41CFAFBF-A1C8-4704-AFEF-31979E6452B9}.Release|x64.Build.0 = Release|x64
		{41CFAFBF-A1C8-4704-AFEF-31979E6452B9}.VSDebug|Win32.ActiveCfg = VSDebug|Win32
		{41CFAFBF-A1C8-4704-AFEF-31979E6452B9}.VSDebug|Win32.Build.0 = VSDebug|Win32
		{41CFAFBF-A1C8-4704-AFEF-31979E6452B9}.VSDebug|x64.ActiveCfg = VSDebug|x64
		{41CFAFBF-A1C8-4704-AFEF-31979E6452B9}.VSDebug|x64.Build.0 = VSDebug|x64
		{4C93BDD3-1804-47F3-9B34-F2DE0CAE1AE0}.Release|Win32.ActiveCfg = Release|Win32
		{4C93BDD3-1804-47F3-9B34-F2DE0CAE1AE0}.Release|Win32.Build.0 = Release|Win32
		{4C93BDD3-1804-47F3-9B34-F2DE0CAE1AE0}.Release|x64.ActiveCfg = Release|x64
		{4C93BDD3-1804-47F3-9B34-F2DE0CAE1AE0}.Release|x64.Build.0 = Release|x64
		{4C93BDD3-1804-47F3-9B34-F2DE0CAE1AE0}.VSDebug|Win32.ActiveCfg = VSDebug|Win32
		{4C93BDD3-1804-47F3-9B34-F2DE0CAE1AE0}.VSDebug|Win32.Build.0 = VSDebug|Win32
		{4C93BDD3-1804-47F3-9B34-F2DE0CAE1AE0}.VSDebug|x64.ActiveCfg = VSDebug|x64
		{4C93BDD3-1804-47F3-9B34-F2DE0CAE1AE0}.VSDebug|x64.Build.0 = VSDebug|x64
		{8AFAA2C6-E025-4B45-B96F-A27D04C6115A}.Release|Win32.ActiveCfg = Release|Win32
		{8AFAA2C6-E025-4B45-B96F-A27D04C6115A}.Release|Win32.Build.0 = Release|Win32
		{8AFAA2C6-E025-4B45-B96F-A27D04C6115A}.Release|x64.ActiveCfg = Release|x64
		{8AFAA2C6-E025-4B45-B96F-A27D04C6115A}.Release|x64.Build.0 = Release|x64
		{8AFAA2C6-E025-4B45-B96F-A27D04C6115A}.VSDebug|Win32.ActiveCfg = VSDebug|Win32
		{8AFAA2C6-E025-4B45-B96F-A27D04C6115A}.VSDebug|Win32.Build.0 = VSDebug|Win32
		{8AFAA2C6-E025-4B45-B96F-A27D04C6115A}.VSDebug|x64.ActiveCfg = VSDebug|x64
		{8AFAA2C6-E025-4B45-B96F-A27D04C6115A}.VSDebug|x64.Build.0 = VSDebug|x64
		{3FFB9C05-1145-45A7-9ADE-5C8D70FBD7CA}.Release|Win32.ActiveCfg = Release|Win32
		{3FFB9C05-1145-45A7-9ADE-5C8D70FBD7CA}.Release|Win32.Build.0 = Release|Win32
		{3FFB9C05-1145-45A7-9ADE-5C8D70FBD7CA}.Release|x64.ActiveCfg = Release|x64
		{3FFB9C05-1145-45A7-9ADE-5C8D70FBD7CA}.Release|x64.Build.0 = Release|x64
		{3FFB9C05-1145-45A7-9ADE-5C8D70FBD7CA}.VSDebug|Win32.ActiveCfg = VSDebug|Win32
		{3FFB9C05-1145-45A7-9ADE-5C8D70FBD7CA}.VSDebug|Win32.Build.0 = VSDebug|Win32
		{3FFB9C05-1145-45A7-9ADE-5C8D70FBD7CA}.VSDebug|x64.ActiveCfg = VSDebug|x64
		{3FFB9C05-1145-45A7-9ADE-5C8D70FBD7CA}.VSDebug|x64.Build.0 = VSDebug|x64
		{20FFC4C9-F44C-45F6-A827-4819B4DF3C9F}.Release|Win32.ActiveCfg = Release|Win32
		{20FFC4C9-F44C-45F6-A827-4819B4DF3C9F}.Release|Win32.Build.0 = Release|Win32
		{20FFC4C9-F44C-45F6-A827-4819B4DF3C9F}.Release|x64.ActiveCfg = Release|x64
		{20FFC4C9-F44C-45F6-A827-4819B4DF3C9F}.Release|x64.Build.0 = Release|x64
		{20FFC4C9-F44C-45F6-A827-4819B4DF3C9F}.VSDebug|Win32.ActiveCfg = VSDebug|Win32
		{20FFC4C9-F44C-45F6-A827-4819B4DF3C9F}.VSDebug|Win32.Build.0 = VSDebug|Win32
		{20FFC4C9-F44C-45F6-A827-4819B4DF3C9F}.VSDebug|x64.ActiveCfg = VSDebug|x64
		{20FFC4C9-F44C-45F6-A827-4819B4DF3C9F}.VSDebug|x64.Build.0 = VSDebug|x64
		{BC27FF34-C859-4A1A-95D6-FC89952E1910}.Release|Win32.ActiveCfg = Release|Win32
		{BC27FF34-C859-4A1A-95D6-FC89952E1910}.Release|Win32.Build.0 = Release|Win32
		{BC27FF34-C859-4A1A-95D6-FC89952E1910}.Release|x64.ActiveCfg = Release|x64
		{BC27FF34-C859-4A1A-95D6-FC89952E1910}.Release|x64.Build.0 = Release|x64
		{BC27FF34-C859-4A1A-95D6-FC89952E1910}.VSDebug|Win32.ActiveCfg = VSDebug|Win32
		{BC27FF34-C859-4A1A-95D6-FC89952E1910}.VSDebug|Win32.Build.0 = VSDebug|Win32
		{BC27FF34-C859-4A1A-95D6-FC89952E1910}.VSDebug|x64.ActiveCfg = VSDebug|x64
		{BC27FF34-C859-4A1A-95D6-FC89952E1910}.VSDebug|x64.Build.0 = VSDebug|x64
		{BD3A95FA-A3DE-4B79-A889-A7E5ECA4B69C}.Release|Win32.ActiveCfg = Release|Win32
		{BD3A95FA-A3DE-4B79-A889-A7E5ECA4B69C}.Release|Win32.Build.0 = Release|Win32
		{BD3A95FA-A3DE-4B79-A889-A7E5ECA4B69C}.Release|x64.ActiveCfg = Release|x64
		{BD3A95FA-A3DE-4B79-A889-A7E5ECA4B69C}.Release|x64.Build.0 = Release|x64
		{BD3A95FA-A3DE-4B79-A889-A7E5ECA4B69C}.VSDebug|Win32.ActiveCfg = VSDebug|Win32
		{BD3A95FA-A3DE-4B79-A889-A7E5ECA4B69C}.VSDebug|Win32.Build.0 = VSDebug|Win32
		{BD3A95FA-A3DE-4B79-A889-A7E5ECA4B69C}.VSDebug|x64.ActiveCfg = VSDebug|x64
		{BD3A95FA-A3DE-4B79-A889-A7E5ECA4B69C}.VSDebug|x64.Build.0 = VSDebug|x64
		{5304AD69-D449-4589-B2C9-E4607E56A51D}.Release|Win32.ActiveCfg = Release|Win32
		{5304AD69-D449-4589-B2C9-E4607E56A51D}.Release|Win32.Build.0 = Release|Win32
		{5304AD69-D449-4589-B2C9-E4607E56A51D}.Release|x64.ActiveCfg = Release|x64
		{5304AD69-D449-4589-B2C9-E4607E56A51D}.Release|x64.Build.0 = Release|x64
		{5304AD69-D449-4589-B2C9-E4607E56A51D}.VSDebug|Win32.ActiveCfg = VSDebug|Win32
		{5304AD69-D449-4589-B2C9-E4607E56A51D}.VSDebug|Win32.Build.0 = VSDebug|Win32
		{5304AD69-D449-4589-B2C9-E4607E56A51D}.VSDebug|x64.ActiveCfg = VSDebug|x64
		{5304AD69-D449-4589-B2C9-E4607E56A51D}.VSDebug|x64.Build.0 = VSDebug|x64
		{A7545354-5D50-49F6-A3D0-1F97F6228955}.Release|Win32.ActiveCfg = Release|Win32
		{A7545354-5D50-49F6-A3D0-1F97F6228955}.Release|Win32.Build.0 = Release|Win32
		{A7545354-5D50-49F6-A3D0-1F97F6228955}.Release|x64.ActiveCfg = Release|x64
		{A7545354-5D50-49F6-A3D0-1F97F6228955}.Release|x64.Build.0 = Release|x64
		{A7545354-5D50-49F6-A3D0-1F97F6228955}.VSDebug|Win32.ActiveCfg = VSDebug|Win32
		{A7545354-5D50-49F6-A3D0-1F97F6228955}.VSDebug|Win32.Build.0 = VSDebug|Win32
		{A7545354-5D50-49F6-A3D0-1F97F6228955}.VSDebug|x64.ActiveCfg = VSDebug|x64
		{A7545354-5D50-49F6-A3D0-1F97F6228955}.VSDebug|x64.Build.0 = VSDebug|x64
		{D0DBC2F3-DD0E-4B7B-8C2C-F79BC64319EB}.Release|Win32.ActiveCfg = Release|Win32
		{D0DBC2F3-DD0E-4B7B-8C2C-F79BC64319EB}.Release|Win32.Build.0 = Release|Win32
		{D0DBC2F3-DD0E-4B7B-8C2C-F79BC64319EB}.Release|x64.ActiveCfg = Release|x64
		{D0DBC2F3-DD0E-4B7B-8C2C-F79BC64319EB}.Release|x64.Build.0 = Release|x64
		{D0DBC2F3-DD0E-4B7B-8C2C-F79BC64319EB}.VSDebug|Win32.ActiveCfg = VSDebug|Win32
		{D0DBC2F3-DD0E-4B7B-8C2C-F79BC64319EB}.VSDebug|Win32.Build.0 = VSDebug|Win32
		{D0DBC2F3-DD0E-4B7B-8C2C-F79BC64319EB}.VSDebug|x64.ActiveCfg = VSDebug|x64
		{D0DBC2F3-DD0E-4B7B-8C2C-F79BC64319EB}.VSDebug|x64.Build.0 = VSDebug|x64
		{F94DCC2D-2B49-453E-89B3-FD81992677D0}.Release|Win32.ActiveCfg = Release|Win32
		{F94DCC2D-2B49-453E-89B3-FD81992677D0}.Release|Win32.Build.0 = Release|Win32
		{F94DCC2D-2B49-453E-89B3-FD81992677D0}.Release|x64.ActiveCfg = Release|x64
		{F94DCC2D-2B49-453E-89B3-FD81992677D0}.Release|x64.Build.0 = Release|x64
		{F94DCC2D-2B49-453E-89B3-FD81992677D0}.VSDebug|Win32.ActiveCfg = VSDebug|Win32
		{F94DCC2D-2B49-453E-89B3-FD81992677D0}.VSDebug|Win32.Build.0 = VSDebug|Win32
		{F94DCC2D-2B49-453E-89B3-FD81992677D0}.VSDebug|x64.ActiveCfg = VSDebug|x64
		{F94DCC2D-2B49-453E-89B3-FD81992677D0}.VSDebug|x64.Build.0 = VSDebug|x64
		{B9332DC8-7594-47DF-80C1-38922E0F4DFB}.Release|Win32.ActiveCfg = Release|Win32
		{B9332DC8-7594-47DF-80C1-38922E0F4DFB}.Release|Win32.Build.0 = Release|Win32
		{B9332DC8-7594-47DF-80C1-38922E0F4DFB}.Release|x64.ActiveCfg = Release|x64
		{B9332DC8-7594-47DF-80C1-38922E0F4DFB}.Release|x64.Build.0 = Release|x64
		{B9332DC8-7594-47DF-80C1-38922E0F4DFB}.VSDebug|Win32.ActiveCfg = VSDebug|Win32
		{B9332DC8-7594-47DF-80C1-38922E0F4DFB}.VSDebug|Win32.Build.0 = VSDebug|Win32
		{B9332DC8-7594-47DF-80C1-38922E0F4DFB}.VSDebug|x64.ActiveCfg = VSDebug|x64
		{B9332DC8-7594-47DF-80C1-38922E0F4DFB}.VSDebug|x64.Build.0 = VSDebug|x64
		{B86FB73A-4ACC-42DE-9545-586D93955B06}.Release|Win32.ActiveCfg = Release|Win32
		{B86FB73A-4ACC-42DE-9545-586D93955B06}.Release|Win32.Build.0 = Release|Win32
		{B86FB73A-4ACC-42DE-9545-586D93955B06}.Release|x64.ActiveCfg = Release|x64
		{B86FB73A-4ACC-42DE-9545-586D93955B06}.Release|x64.Build.0 = Release|x64
		{B86FB73A-4ACC-42DE-9545-586D93955B06}.VSDebug|Win32.ActiveCfg = VSDebug|Win32
		{B86FB73A-4ACC-42DE-9545-586D93955B06}.VSDebug|Win32.Build.0 = VSDebug|Win32
		{B86FB73A-4ACC-42DE-9545-586D93955B06}.VSDebug|x64.ActiveCfg = VSDebug|x64
		{B86FB73A-4ACC-42DE-9545-586D93955B06}.VSDebug|x64.Build.0 = VSDebug|x64
	EndGlobalSection
	GlobalSection(SolutionProperties) = preSolution
		HideSolutionNode = FALSE
	EndGlobalSection
EndGlobal
