
Microsoft Visual Studio Solution File, Format Version 12.00
# Visual Studio 14
VisualStudioVersion = 14.0.25420.1
MinimumVisualStudioVersion = 10.0.40219.1
Project("{8BC9CEB8-8B4A-11D0-8D11-00A0C91BC942}") = "libfcache", "libfcache\libfcache.vcxproj", "{3D19EAAD-9195-468B-BC5B-D147A89CA4F5}"
EndProject
Project("{8BC9CEB8-8B4A-11D0-8D11-00A0C91BC942}") = "libfguid", "libfguid\libfguid.vcxproj", "{8C13E498-6369-4792-A0CF-B7134C54561B}"
EndProject
Project("{8BC9CEB8-8B4A-11D0-8D11-00A0C91BC942}") = "vhdi_test_block_table", "vhdi_test_block_table\vhdi_test_block_table.vcxproj", "{CEF840FD-FB2D-4711-B991-CC5C0D7FC1ED}"
EndProject
Project("{8BC9CEB8-8B4A-11D0-8D11-00A0C91BC942}") = "vhdi_test_data_block", "vhdi_test_data_block\vhdi_test_data_block.vcxproj", "{731321DF-DB46-4719-BDE9-9ADDC3192A12}"
EndProject
Project("{8BC9CEB8-8B4A-11D0-8D11-00A0C91BC942}") = "vhdi_test_dynamic_disk_header", "vhdi_test_dynamic_disk_header\vhdi_test_dynamic_disk_header.vcxproj", "{E597E6F8-75E8-40EC-8C3A-A6271E786802}"
EndProject
Project("{8BC9CEB8-8B4A-11D0-8D11-00A0C91BC942}") = "vhdi_test_error", "vhdi_test_error\vhdi_test_error.vcxproj", "{82A9E85B-A4E8-4FB6-BBD0-A6D81CF1398B}"
EndProject
Project("{8BC9CEB8-8B4A-11D0-8D11-00A0C91BC942}") = "vhdi_test_file", "vhdi_test_file\vhdi_test_file.vcxproj", "{AB985B78-01D2-412E-9930-DD63F787EF42}"
EndProject
Project("{8BC9CEB8-8B4A-11D0-8D11-00A0C91BC942}") = "vhdi_test_file_footer", "vhdi_test_file_footer\vhdi_test_file_footer.vcxproj", "{3F7A2500-D5E7-4F5D-A36B-16B0879887E0}"
EndProject
Project("{8BC9CEB8-8B4A-11D0-8D11-00A0C91BC942}") = "vhdi_test_io_handle", "vhdi_test_io_handle\vhdi_test_io_handle.vcxproj", "{EDC158F9-537B-4C3E-AC8E-E9CE3192A49C}"
EndProject
Project("{8BC9CEB8-8B4A-11D0-8D11-00A0C91BC942}") = "vhdi_test_notify", "vhdi_test_notify\vhdi_test_notify.vcxproj", "{63657B97-8DDF-4B6B-91C2-9E1AB85F1517}"
EndProject
Project("{8BC9CEB8-8B4A-11D0-8D11-00A0C91BC942}") = "vhdi_test_support", "vhdi_test_support\vhdi_test_support.vcxproj", "{9DC4A261-1054-4CE0-ADBD-97CFA189509A}"
EndProject
Project("{8BC9CEB8-8B4A-11D0-8D11-00A0C91BC942}") = "vhdi_test_tools_output", "vhdi_test_tools_output\vhdi_test_tools_output.vcxproj", "{DC4E4C7A-9210-41EB-B1B0-02BCE440A005}"
EndProject
Project("{8BC9CEB8-8B4A-11D0-8D11-00A0C91BC942}") = "vhdi_test_tools_signal", "vhdi_test_tools_signal\vhdi_test_tools_signal.vcxproj", "{DE2F3FE5-DF31-46A6-89AA-A3393C8A6ECE}"
EndProject
Project("{8BC9CEB8-8B4A-11D0-8D11-00A0C91BC942}") = "libclocale", "libclocale\libclocale.vcxproj", "{CEDF8919-00B2-4D8A-88CC-84ADB2D2FF89}"
EndProject
Project("{8BC9CEB8-8B4A-11D0-8D11-00A0C91BC942}") = "libvhdi", "libvhdi\libvhdi.vcxproj", "{0B57B96F-7885-4101-98B7-4E91C9434020}"
EndProject
Project("{8BC9CEB8-8B4A-11D0-8D11-00A0C91BC942}") = "libbfio", "libbfio\libbfio.vcxproj", "{41CFAFBF-A1C8-4704-AFEF-31979E6452B9}"
EndProject
Project("{8BC9CEB8-8B4A-11D0-8D11-00A0C91BC942}") = "libcfile", "libcfile\libcfile.vcxproj", "{4C93BDD3-1804-47F3-9B34-F2DE0CAE1AE0}"
EndProject
Project("{8BC9CEB8-8B4A-11D0-8D11-00A0C91BC942}") = "libcthreads", "libcthreads\libcthreads.vcxproj", "{8AFAA2C6-E025-4B45-B96F-A27D04C6115A}"
EndProject
Project("{8BC9CEB8-8B4A-11D0-8D11-00A0C91BC942}") = "libcpath", "libcpath\libcpath.vcxproj", "{3FFB9C05-1145-45A7-9ADE-5C8D70FBD7CA}"
EndProject
Project("{8BC9CEB8-8B4A-11D0-8D11-00A0C91BC942}") = "libuna", "libuna\libuna.vcxproj", "{BC27FF34-C859-4A1A-95D6-FC89952E1910}"
EndProject
Project("{8BC9CEB8-8B4A-11D0-8D11-00A0C91BC942}") = "libcerror", "libcerror\libcerror.vcxproj", "{BD3A95FA-A3DE-4B79-A889-A7E5ECA4B69C}"
EndProject
Project("{8BC9CEB8-8B4A-11D0-8D11-00A0C91BC942}") = "libcnotify", "libcnotify\libcnotify.vcxproj", "{5304AD69-D449-4589-B2C9-E4607E56A51D}"
EndProject
Project("{8BC9CEB8-8B4A-11D0-8D11-00A0C91BC942}") = "vhdiinfo", "vhdiinfo\vhdiinfo.vcxproj", "{A7545354-5D50-49F6-A3D0-1F97F6228955}"
EndProject
Project("{8BC9CEB8-8B4A-11D0-8D11-00A0C91BC942}") = "libfdata", "libfdata\libfdata.vcxproj", "{F94DCC2D-2B49-453E-89B3-FD81992677D0}"
EndProject
Project("{8BC9CEB8-8B4A-11D0-8D11-00A0C91BC942}") = "libcdata", "libcdata\libcdata.vcxproj", "{B9332DC8-7594-47DF-80C1-38922E0F4DFB}"
EndProject
Project("{8BC9CEB8-8B4A-11D0-8D11-00A0C91BC942}") = "libcsplit", "libcsplit\libcsplit.vcxproj", "{B86FB73A-4ACC-42DE-9545-586D93955B06}"
EndProject
Global
	GlobalSection(SolutionConfigurationPlatforms) = preSolution
		Release|Win32 = Release|Win32
		VSDebug|Win32 = VSDebug|Win32
	EndGlobalSection
	GlobalSection(ProjectConfigurationPlatforms) = postSolution
		{3D19EAAD-9195-468B-BC5B-D147A89CA4F5}.Release|Win32.ActiveCfg = Release|Win32
		{3D19EAAD-9195-468B-BC5B-D147A89CA4F5}.Release|Win32.Build.0 = Release|Win32
		{3D19EAAD-9195-468B-BC5B-D147A89CA4F5}.VSDebug|Win32.ActiveCfg = VSDebug|Win32
		{3D19EAAD-9195-468B-BC5B-D147A89CA4F5}.VSDebug|Win32.Build.0 = VSDebug|Win32
		{8C13E498-6369-4792-A0CF-B7134C54561B}.Release|Win32.ActiveCfg = Release|Win32
		{8C13E498-6369-4792-A0CF-B7134C54561B}.Release|Win32.Build.0 = Release|Win32
		{8C13E498-6369-4792-A0CF-B7134C54561B}.VSDebug|Win32.ActiveCfg = VSDebug|Win32
		{8C13E498-6369-4792-A0CF-B7134C54561B}.VSDebug|Win32.Build.0 = VSDebug|Win32
		{CEF840FD-FB2D-4711-B991-CC5C0D7FC1ED}.Release|Win32.ActiveCfg = Release|Win32
		{CEF840FD-FB2D-4711-B991-CC5C0D7FC1ED}.Release|Win32.Build.0 = Release|Win32
		{CEF840FD-FB2D-4711-B991-CC5C0D7FC1ED}.VSDebug|Win32.ActiveCfg = VSDebug|Win32
		{CEF840FD-FB2D-4711-B991-CC5C0D7FC1ED}.VSDebug|Win32.Build.0 = VSDebug|Win32
		{731321DF-DB46-4719-BDE9-9ADDC3192A12}.Release|Win32.ActiveCfg = Release|Win32
		{731321DF-DB46-4719-BDE9-9ADDC3192A12}.Release|Win32.Build.0 = Release|Win32
		{731321DF-DB46-4719-BDE9-9ADDC3192A12}.VSDebug|Win32.ActiveCfg = VSDebug|Win32
		{731321DF-DB46-4719-BDE9-9ADDC3192A12}.VSDebug|Win32.Build.0 = VSDebug|Win32
		{E597E6F8-75E8-40EC-8C3A-A6271E786802}.Release|Win32.ActiveCfg = Release|Win32
		{E597E6F8-75E8-40EC-8C3A-A6271E786802}.Release|Win32.Build.0 = Release|Win32
		{E597E6F8-75E8-40EC-8C3A-A6271E786802}.VSDebug|Win32.ActiveCfg = VSDebug|Win32
		{E597E6F8-75E8-40EC-8C3A-A6271E786802}.VSDebug|Win32.Build.0 = VSDebug|Win32
		{82A9E85B-A4E8-4FB6-BBD0-A6D81CF1398B}.Release|Win32.ActiveCfg = Release|Win32
		{82A9E85B-A4E8-4FB6-BBD0-A6D81CF1398B}.Release|Win32.Build.0 = Release|Win32
		{82A9E85B-A4E8-4FB6-BBD0-A6D81CF1398B}.VSDebug|Win32.ActiveCfg = VSDebug|Win32
		{82A9E85B-A4E8-4FB6-BBD0-A6D81CF1398B}.VSDebug|Win32.Build.0 = VSDebug|Win32
		{AB985B78-01D2-412E-9930-DD63F787EF42}.Release|Win32.ActiveCfg = Release|Win32
		{AB985B78-01D2-412E-9930-DD63F787EF42}.Release|Win32.Build.0 = Release|Win32
		{AB985B78-01D2-412E-9930-DD63F787EF42}.VSDebug|Win32.ActiveCfg = VSDebug|Win32
		{AB985B78-01D2-412E-9930-DD63F787EF42}.VSDebug|Win32.Build.0 = VSDebug|Win32
		{3F7A2500-D5E7-4F5D-A36B-16B0879887E0}.Release|Win32.ActiveCfg = Release|Win32
		{3F7A2500-D5E7-4F5D-A36B-16B0879887E0}.Release|Win32.Build.0 = Release|Win32
		{3F7A2500-D5E7-4F5D-A36B-16B0879887E0}.VSDebug|Win32.ActiveCfg = VSDebug|Win32
		{3F7A2500-D5E7-4F5D-A36B-16B0879887E0}.VSDebug|Win32.Build.0 = VSDebug|Win32
		{EDC158F9-537B-4C3E-AC8E-E9CE3192A49C}.Release|Win32.ActiveCfg = Release|Win32
		{EDC158F9-537B-4C3E-AC8E-E9CE3192A49C}.Release|Win32.Build.0 = Release|Win32
		{EDC158F9-537B-4C3E-AC8E-E9CE3192A49C}.VSDebug|Win32.ActiveCfg = VSDebug|Win32
		{EDC158F9-537B-4C3E-AC8E-E9CE3192A49C}.VSDebug|Win32.Build.0 = VSDebug|Win32
		{63657B97-8DDF-4B6B-91C2-9E1AB85F1517}.Release|Win32.ActiveCfg = Release|Win32
		{63657B97-8DDF-4B6B-91C2-9E1AB85F1517}.Release|Win32.Build.0 = Release|Win32
		{63657B97-8DDF-4B6B-91C2-9E1AB85F1517}.VSDebug|Win32.ActiveCfg = VSDebug|Win32
		{63657B97-8DDF-4B6B-91C2-9E1AB85F1517}.VSDebug|Win32.Build.0 = VSDebug|Win32
		{9DC4A261-1054-4CE0-ADBD-97CFA189509A}.Release|Win32.ActiveCfg = Release|Win32
		{9DC4A261-1054-4CE0-ADBD-97CFA189509A}.Release|Win32.Build.0 = Release|Win32
		{9DC4A261-1054-4CE0-ADBD-97CFA189509A}.VSDebug|Win32.ActiveCfg = VSDebug|Win32
		{9DC4A261-1054-4CE0-ADBD-97CFA189509A}.VSDebug|Win32.Build.0 = VSDebug|Win32
		{DC4E4C7A-9210-41EB-B1B0-02BCE440A005}.Release|Win32.ActiveCfg = Release|Win32
		{DC4E4C7A-9210-41EB-B1B0-02BCE440A005}.Release|Win32.Build.0 = Release|Win32
		{DC4E4C7A-9210-41EB-B1B0-02BCE440A005}.VSDebug|Win32.ActiveCfg = VSDebug|Win32
		{DC4E4C7A-9210-41EB-B1B0-02BCE440A005}.VSDebug|Win32.Build.0 = VSDebug|Win32
		{DE2F3FE5-DF31-46A6-89AA-A3393C8A6ECE}.Release|Win32.ActiveCfg = Release|Win32
		{DE2F3FE5-DF31-46A6-89AA-A3393C8A6ECE}.Release|Win32.Build.0 = Release|Win32
		{DE2F3FE5-DF31-46A6-89AA-A3393C8A6ECE}.VSDebug|Win32.ActiveCfg = VSDebug|Win32
		{DE2F3FE5-DF31-46A6-89AA-A3393C8A6ECE}.VSDebug|Win32.Build.0 = VSDebug|Win32
		{CEDF8919-00B2-4D8A-88CC-84ADB2D2FF89}.Release|Win32.ActiveCfg = Release|Win32
		{CEDF8919-00B2-4D8A-88CC-84ADB2D2FF89}.Release|Win32.Build.0 = Release|Win32
		{CEDF8919-00B2-4D8A-88CC-84ADB2D2FF89}.VSDebug|Win32.ActiveCfg = VSDebug|Win32
		{CEDF8919-00B2-4D8A-88CC-84ADB2D2FF89}.VSDebug|Win32.Build.0 = VSDebug|Win32
		{0B57B96F-7885-4101-98B7-4E91C9434020}.Release|Win32.ActiveCfg = Release|Win32
		{0B57B96F-7885-4101-98B7-4E91C9434020}.Release|Win32.Build.0 = Release|Win32
		{0B57B96F-7885-4101-98B7-4E91C9434020}.VSDebug|Win32.ActiveCfg = VSDebug|Win32
		{0B57B96F-7885-4101-98B7-4E91C9434020}.VSDebug|Win32.Build.0 = VSDebug|Win32
		{41CFAFBF-A1C8-4704-AFEF-31979E6452B9}.Release|Win32.ActiveCfg = Release|Win32
		{41CFAFBF-A1C8-4704-AFEF-31979E6452B9}.Release|Win32.Build.0 = Release|Win32
		{41CFAFBF-A1C8-4704-AFEF-31979E6452B9}.VSDebug|Win32.ActiveCfg = VSDebug|Win32
		{41CFAFBF-A1C8-4704-AFEF-31979E6452B9}.VSDebug|Win32.Build.0 = VSDebug|Win32
		{4C93BDD3-1804-47F3-9B34-F2DE0CAE1AE0}.Release|Win32.ActiveCfg = Release|Win32
		{4C93BDD3-1804-47F3-9B34-F2DE0CAE1AE0}.Release|Win32.Build.0 = Release|Win32
		{4C93BDD3-1804-47F3-9B34-F2DE0CAE1AE0}.VSDebug|Win32.ActiveCfg = VSDebug|Win32
		{4C93BDD3-1804-47F3-9B34-F2DE0CAE1AE0}.VSDebug|Win32.Build.0 = VSDebug|Win32
		{8AFAA2C6-E025-4B45-B96F-A27D04C6115A}.Release|Win32.ActiveCfg = Release|Win32
		{8AFAA2C6-E025-4B45-B96F-A27D04C6115A}.Release|Win32.Build.0 = Release|Win32
		{8AFAA2C6-E025-4B45-B96F-A27D04C6115A}.VSDebug|Win32.ActiveCfg = VSDebug|Win32
		{8AFAA2C6-E025-4B45-B96F-A27D04C6115A}.VSDebug|Win32.Build.0 = VSDebug|Win32
		{3FFB9C05-1145-45A7-9ADE-5C8D70FBD7CA}.Release|Win32.ActiveCfg = Release|Win32
		{3FFB9C05-1145-45A7-9ADE-5C8D70FBD7CA}.Release|Win32.Build.0 = Release|Win32
		{3FFB9C05-1145-45A7-9ADE-5C8D70FBD7CA}.VSDebug|Win32.ActiveCfg = VSDebug|Win32
		{3FFB9C05-1145-45A7-9ADE-5C8D70FBD7CA}.VSDebug|Win32.Build.0 = VSDebug|Win32
		{BC27FF34-C859-4A1A-95D6-FC89952E1910}.Release|Win32.ActiveCfg = Release|Win32
		{BC27FF34-C859-4A1A-95D6-FC89952E1910}.Release|Win32.Build.0 = Release|Win32
		{BC27FF34-C859-4A1A-95D6-FC89952E1910}.VSDebug|Win32.ActiveCfg = VSDebug|Win32
		{BC27FF34-C859-4A1A-95D6-FC89952E1910}.VSDebug|Win32.Build.0 = VSDebug|Win32
		{BD3A95FA-A3DE-4B79-A889-A7E5ECA4B69C}.Release|Win32.ActiveCfg = Release|Win32
		{BD3A95FA-A3DE-4B79-A889-A7E5ECA4B69C}.Release|Win32.Build.0 = Release|Win32
		{BD3A95FA-A3DE-4B79-A889-A7E5ECA4B69C}.VSDebug|Win32.ActiveCfg = VSDebug|Win32
		{BD3A95FA-A3DE-4B79-A889-A7E5ECA4B69C}.VSDebug|Win32.Build.0 = VSDebug|Win32
		{5304AD69-D449-4589-B2C9-E4607E56A51D}.Release|Win32.ActiveCfg = Release|Win32
		{5304AD69-D449-4589-B2C9-E4607E56A51D}.Release|Win32.Build.0 = Release|Win32
		{5304AD69-D449-4589-B2C9-E4607E56A51D}.VSDebug|Win32.ActiveCfg = VSDebug|Win32
		{5304AD69-D449-4589-B2C9-E4607E56A51D}.VSDebug|Win32.Build.0 = VSDebug|Win32
		{A7545354-5D50-49F6-A3D0-1F97F6228955}.Release|Win32.ActiveCfg = Release|Win32
		{A7545354-5D50-49F6-A3D0-1F97F6228955}.Release|Win32.Build.0 = Release|Win32
		{A7545354-5D50-49F6-A3D0-1F97F6228955}.VSDebug|Win32.ActiveCfg = VSDebug|Win32
		{A7545354-5D50-49F6-A3D0-1F97F6228955}.VSDebug|Win32.Build.0 = VSDebug|Win32
		{F94DCC2D-2B49-453E-89B3-FD81992677D0}.Release|Win32.ActiveCfg = Release|Win32
		{F94DCC2D-2B49-453E-89B3-FD81992677D0}.Release|Win32.Build.0 = Release|Win32
		{F94DCC2D-2B49-453E-89B3-FD81992677D0}.VSDebug|Win32.ActiveCfg = VSDebug|Win32
		{F94DCC2D-2B49-453E-89B3-FD81992677D0}.VSDebug|Win32.Build.0 = VSDebug|Win32
		{B9332DC8-7594-47DF-80C1-38922E0F4DFB}.Release|Win32.ActiveCfg = Release|Win32
		{B9332DC8-7594-47DF-80C1-38922E0F4DFB}.Release|Win32.Build.0 = Release|Win32
		{B9332DC8-7594-47DF-80C1-38922E0F4DFB}.VSDebug|Win32.ActiveCfg = VSDebug|Win32
		{B9332DC8-7594-47DF-80C1-38922E0F4DFB}.VSDebug|Win32.Build.0 = VSDebug|Win32
		{B86FB73A-4ACC-42DE-9545-586D93955B06}.Release|Win32.ActiveCfg = Release|Win32
		{B86FB73A-4ACC-42DE-9545-586D93955B06}.Release|Win32.Build.0 = Release|Win32
		{B86FB73A-4ACC-42DE-9545-586D93955B06}.VSDebug|Win32.ActiveCfg = VSDebug|Win32
		{B86FB73A-4ACC-42DE-9545-586D93955B06}.VSDebug|Win32.Build.0 = VSDebug|Win32
	EndGlobalSection
	GlobalSection(SolutionProperties) = preSolution
		HideSolutionNode = FALSE
	EndGlobalSection
EndGlobal
